<?xml version="1.0" encoding="utf-8"?>
<Project ToolsVersion="4.0" xmlns="http://schemas.microsoft.com/developer/msbuild/2003">
  <ItemGroup>
    <Filter Include="原始程式檔">
      <UniqueIdentifier>{4FC737F1-C7A5-4376-A066-2A32D752A2FF}</UniqueIdentifier>
      <Extensions>cpp;c;cc;cxx;def;odl;idl;hpj;bat;asm;asmx</Extensions>
    </Filter>
    <Filter Include="標頭檔">
      <UniqueIdentifier>{93995380-89BD-4b04-88EB-625FBE52EBFB}</UniqueIdentifier>
      <Extensions>h;hh;hpp;hxx;hm;inl;inc;xsd</Extensions>
    </Filter>
    <Filter Include="資源檔">
      <UniqueIdentifier>{67DA6AB6-F800-4c08-8B7A-83BB121AAD01}</UniqueIdentifier>
      <Extensions>rc;ico;cur;bmp;dlg;rc2;rct;bin;rgs;gif;jpg;jpeg;jpe;resx;tiff;tif;png;wav;mfcribbon-ms</Extensions>
    </Filter>
    <Filter Include="標頭檔\WIN32">
      <UniqueIdentifier>{2e3df008-7eef-4017-b4ba-dc6d1e5e40f6}</UniqueIdentifier>
    </Filter>
    <Filter Include="原始程式檔\WIN32">
      <UniqueIdentifier>{3b7abe41-bc47-4786-9cca-dfea8da6d257}</UniqueIdentifier>
    </Filter>
    <Filter Include="原始程式檔\CPP11">
      <UniqueIdentifier>{707f8657-30de-45ac-8b8b-8902ac1afe4f}</UniqueIdentifier>
    </Filter>
    <Filter Include="標頭檔\CPP11">
      <UniqueIdentifier>{e1e3ad0d-f0c2-4a21-8f92-7e04db073f78}</UniqueIdentifier>
    </Filter>
    <Filter Include="原始程式檔\POSIX">
      <UniqueIdentifier>{7f00cb5d-ee4d-4c12-b6b1-6f0f648ed5ca}</UniqueIdentifier>
    </Filter>
    <Filter Include="標頭檔\POSIX">
      <UniqueIdentifier>{3cfee20e-52e4-49ec-9206-0b7133b23b25}</UniqueIdentifier>
    </Filter>
    <Filter Include="原始程式檔\DX11">
      <UniqueIdentifier>{704a87b9-7cf6-4f86-97bc-2c7428d92831}</UniqueIdentifier>
    </Filter>
    <Filter Include="標頭檔\DX11">
      <UniqueIdentifier>{9f767d54-1786-4730-95c6-4f5402cb646e}</UniqueIdentifier>
    </Filter>
    <Filter Include="標頭檔\DX9">
      <UniqueIdentifier>{9ec6f00b-d998-4543-9786-788789740a3c}</UniqueIdentifier>
    </Filter>
    <Filter Include="標頭檔\DX10">
      <UniqueIdentifier>{43858514-3642-4eee-8969-c8df9fa9ab19}</UniqueIdentifier>
    </Filter>
    <Filter Include="原始程式檔\DX9">
      <UniqueIdentifier>{4934caea-2dea-4b88-80e1-53a3cde94e18}</UniqueIdentifier>
    </Filter>
    <Filter Include="原始程式檔\DX10">
      <UniqueIdentifier>{423bbbc6-d8b9-421b-b46e-aea642222070}</UniqueIdentifier>
    </Filter>
    <Filter Include="標頭檔\OpenGL">
      <UniqueIdentifier>{391fbca3-806b-4a3e-be74-16c82fa531cd}</UniqueIdentifier>
    </Filter>
    <Filter Include="原始程式檔\OpenGL">
      <UniqueIdentifier>{c9d07b0b-2d2e-4887-86c6-800f2777db76}</UniqueIdentifier>
    </Filter>
  </ItemGroup>
  <ItemGroup>
    <ClCompile Include="src\stdafx.cpp">
      <Filter>原始程式檔</Filter>
    </ClCompile>
    <ClCompile Include="src\System.String.cpp">
      <Filter>原始程式檔</Filter>
    </ClCompile>
    <ClCompile Include="src\CPP11\System.Threading.Thread_CPP11.cpp">
      <Filter>原始程式檔\CPP11</Filter>
    </ClCompile>
    <ClCompile Include="src\WIN32\System.Threading.Thread_WIN32.cpp">
      <Filter>原始程式檔\WIN32</Filter>
    </ClCompile>
    <ClCompile Include="src\DX9\System.Drawing.Graphics_DX9.cpp">
      <Filter>原始程式檔\DX9</Filter>
    </ClCompile>
    <ClCompile Include="src\DX9\System.Drawing.Shader_DX9.cpp">
      <Filter>原始程式檔\DX9</Filter>
    </ClCompile>
    <ClCompile Include="src\WIN32\System.Guid_WIN32.cpp">
      <Filter>原始程式檔\WIN32</Filter>
    </ClCompile>
    <ClCompile Include="src\WIN32\System.ClientApp_WIN32.cpp">
      <Filter>原始程式檔\WIN32</Filter>
    </ClCompile>
    <ClCompile Include="src\OpenGL\System.Drawing.Graphics_OpenGL.cpp">
      <Filter>原始程式檔\OpenGL</Filter>
    </ClCompile>
    <ClCompile Include="src\DX9\System.Drawing.Texture_DX9.cpp">
      <Filter>原始程式檔\DX9</Filter>
    </ClCompile>
    <ClCompile Include="src\DX9\System.Drawing.IndexBuffer_DX9.cpp">
      <Filter>原始程式檔</Filter>
    </ClCompile>
    <ClCompile Include="src\DX9\System.Drawing.VertexBuffer_DX9.cpp">
      <Filter>原始程式檔</Filter>
    </ClCompile>
    <ClCompile Include="src\DX9\System.Drawing.Light_DX9.cpp">
      <Filter>原始程式檔</Filter>
    </ClCompile>
    <ClCompile Include="src\DX10\System.Drawing.Graphics_DX10.cpp">
      <Filter>原始程式檔</Filter>
    </ClCompile>
    <ClCompile Include="src\DX10\System.Drawing.Shader_DX10.cpp">
      <Filter>原始程式檔</Filter>
    </ClCompile>
    <ClCompile Include="src\DX11\System.Drawing.Graphics_DX11.cpp">
      <Filter>原始程式檔</Filter>
    </ClCompile>
    <ClCompile Include="src\DX11\System.Drawing.Shader_DX11.cpp">
      <Filter>原始程式檔</Filter>
    </ClCompile>
    <ClCompile Include="src\DX10\System.Drawing.IndexBuffer_DX10.cpp">
      <Filter>原始程式檔</Filter>
    </ClCompile>
    <ClCompile Include="src\DX10\System.Drawing.Light_DX10.cpp">
      <Filter>原始程式檔</Filter>
    </ClCompile>
    <ClCompile Include="src\DX10\System.Drawing.Texture_DX10.cpp">
      <Filter>原始程式檔</Filter>
    </ClCompile>
    <ClCompile Include="src\DX10\System.Drawing.VertexBuffer_DX10.cpp">
      <Filter>原始程式檔</Filter>
    </ClCompile>
    <ClCompile Include="src\DX9\System.Drawing.Mesh_DX9.cpp">
      <Filter>原始程式檔</Filter>
    </ClCompile>
    <ClCompile Include="src\DX10\System.Drawing.Mesh_DX10.cpp">
      <Filter>原始程式檔</Filter>
    </ClCompile>
    <ClCompile Include="src\DX11\System.Drawing.IndexBuffer_DX11.cpp">
      <Filter>原始程式檔</Filter>
    </ClCompile>
    <ClCompile Include="src\DX11\System.Drawing.Light_DX11.cpp">
      <Filter>原始程式檔</Filter>
    </ClCompile>
    <ClCompile Include="src\DX11\System.Drawing.Mesh_DX11.cpp">
      <Filter>原始程式檔</Filter>
    </ClCompile>
    <ClCompile Include="src\DX11\System.Drawing.Surface_DX11.cpp">
      <Filter>原始程式檔</Filter>
    </ClCompile>
    <ClCompile Include="src\DX11\System.Drawing.Texture_DX11.cpp">
      <Filter>原始程式檔</Filter>
    </ClCompile>
    <ClCompile Include="src\DX11\System.Drawing.VertexBuffer_DX11.cpp">
      <Filter>原始程式檔</Filter>
    </ClCompile>
    <ClCompile Include="src\DX9\System.Drawing.Font_DX9.cpp">
      <Filter>原始程式檔</Filter>
    </ClCompile>
    <ClCompile Include="src\DX10\System.Drawing.Font_DX10.cpp">
      <Filter>原始程式檔</Filter>
    </ClCompile>
    <ClCompile Include="src\DX9\System.Drawing.RenderTargetView_DX9.cpp">
      <Filter>原始程式檔</Filter>
    </ClCompile>
    <ClCompile Include="src\DX10\System.Drawing.RenderTargetView_DX10.cpp">
      <Filter>原始程式檔</Filter>
    </ClCompile>
    <ClCompile Include="src\DX11\System.Drawing.RenderTargetView_DX11.cpp">
      <Filter>原始程式檔</Filter>
    </ClCompile>
    <ClCompile Include="src\DX9\System.Drawing.Sprite_DX9.cpp">
      <Filter>原始程式檔</Filter>
    </ClCompile>
    <ClCompile Include="src\DX9\System.Drawing.StateBlock_DX9.cpp">
      <Filter>原始程式檔</Filter>
    </ClCompile>
    <ClCompile Include="src\DX10\System.Drawing.StateBlock_DX10.cpp">
      <Filter>原始程式檔</Filter>
    </ClCompile>
    <ClCompile Include="src\DX11\System.Drawing.StateBlock_DX11.cpp">
      <Filter>原始程式檔</Filter>
    </ClCompile>
    <ClCompile Include="src\DX11\System.Drawing.Effect_DX11.cpp">
      <Filter>原始程式檔</Filter>
    </ClCompile>
    <ClCompile Include="src\DX11\System.Drawing.Query_DX11.cpp">
      <Filter>原始程式檔</Filter>
    </ClCompile>
    <ClCompile Include="src\DX11\System.Drawing.Sprite_DX11.cpp">
      <Filter>原始程式檔</Filter>
    </ClCompile>
    <ClCompile Include="src\WIN32\System.Net.HttpClient_WIN32.cpp">
      <Filter>原始程式檔</Filter>
    </ClCompile>
    <ClCompile Include="src\OpenGL\System.Drawing.Texture_OpenGL.cpp">
      <Filter>原始程式檔</Filter>
    </ClCompile>
    <ClCompile Include="src\DX9\System.Drawing.Renderer_DX9.cpp">
      <Filter>原始程式檔</Filter>
    </ClCompile>
    <ClCompile Include="src\WIN32\System.ComSafeArray.cpp">
      <Filter>原始程式檔</Filter>
    </ClCompile>
    <ClCompile Include="src\ScriptEngine\System.ScriptEngine_Lua.cpp">
      <Filter>原始程式檔</Filter>
    </ClCompile>
    <ClCompile Include="src\ScriptEngine\System.ScriptEngine_MsScript.cpp">
      <Filter>原始程式檔</Filter>
    </ClCompile>
    <ClCompile Include="src\System.ResourceManager.cpp">
      <Filter>原始程式檔</Filter>
    </ClCompile>
    <ClCompile Include="src\DX9\System.Drawing.Query_DX9.cpp">
      <Filter>原始程式檔</Filter>
    </ClCompile>
    <ClCompile Include="src\DX10\System.Drawing.Query_DX10.cpp">
      <Filter>原始程式檔</Filter>
    </ClCompile>
    <ClCompile Include="src\DX10\System.Drawing.Renderer_DX10.cpp">
      <Filter>原始程式檔</Filter>
    </ClCompile>
    <ClCompile Include="src\System.Drawing.Scene.cpp">
      <Filter>原始程式檔</Filter>
    </ClCompile>
    <ClCompile Include="src\DX11\System.Drawing.Renderer_DX11.cpp">
      <Filter>原始程式檔</Filter>
    </ClCompile>
    <ClCompile Include="src\DX9\System.Drawing.Effect_DX9.cpp">
      <Filter>原始程式檔</Filter>
    </ClCompile>
    <ClCompile Include="src\DX10\System.Drawing.Effect_DX10.cpp">
      <Filter>原始程式檔</Filter>
    </ClCompile>
    <ClCompile Include="src\CPP11\System.IO.File_CPP11.cpp">
      <Filter>原始程式檔</Filter>
    </ClCompile>
    <ClCompile Include="src\WIN32\System.IO.File_WIN32.cpp">
      <Filter>原始程式檔</Filter>
    </ClCompile>
    <ClCompile Include="src\Audio\System.Audio_DSound.cpp">
      <Filter>原始程式檔</Filter>
    </ClCompile>
    <ClCompile Include="src\UI\System.Drawing.UI.Button.cpp">
      <Filter>原始程式檔</Filter>
    </ClCompile>
    <ClCompile Include="src\UI\System.Drawing.UI.Element.cpp">
      <Filter>原始程式檔</Filter>
    </ClCompile>
    <ClCompile Include="src\UI\System.Drawing.UI.Label.cpp">
      <Filter>原始程式檔</Filter>
    </ClCompile>
    <ClCompile Include="src\UI\System.Drawing.UI.Panel.cpp">
      <Filter>原始程式檔</Filter>
    </ClCompile>
    <ClCompile Include="src\UI\System.Drawing.UI.UIManager.cpp">
      <Filter>原始程式檔</Filter>
    </ClCompile>
    <ClCompile Include="src\OpenGL\System.Drawing.Effect_OpenGL.cpp">
      <Filter>原始程式檔</Filter>
    </ClCompile>
    <ClCompile Include="src\OpenGL\System.Drawing.Light_OpenGL.cpp">
      <Filter>原始程式檔</Filter>
    </ClCompile>
    <ClCompile Include="src\OpenGL\System.Drawing.Mesh_OpenGL.cpp">
      <Filter>原始程式檔</Filter>
    </ClCompile>
    <ClCompile Include="src\OpenGL\System.Drawing.Query_OpenGL.cpp">
      <Filter>原始程式檔</Filter>
    </ClCompile>
    <ClCompile Include="src\OpenGL\System.Drawing.Renderer_OpenGL.cpp">
      <Filter>原始程式檔</Filter>
    </ClCompile>
    <ClCompile Include="src\OpenGL\System.Drawing.RenderTargetView_OpenGL.cpp">
      <Filter>原始程式檔</Filter>
    </ClCompile>
    <ClCompile Include="src\OpenGL\System.Drawing.Shader_OpenGL.cpp">
      <Filter>原始程式檔</Filter>
    </ClCompile>
    <ClCompile Include="src\OpenGL\System.Drawing.Sprite_OpenGL.cpp">
      <Filter>原始程式檔</Filter>
    </ClCompile>
    <ClCompile Include="src\OpenGL\System.Drawing.StateBlock_OpenGL.cpp">
      <Filter>原始程式檔</Filter>
    </ClCompile>
    <ClCompile Include="src\OpenGL\System.Drawing.Surface_OpenGL.cpp">
      <Filter>原始程式檔</Filter>
    </ClCompile>
    <ClCompile Include="src\OpenGL\System.Drawing.VertexBuffer_OpenGL.cpp">
      <Filter>原始程式檔</Filter>
    </ClCompile>
    <ClCompile Include="src\UI\System.Drawing.UI.Image.cpp">
      <Filter>原始程式檔</Filter>
    </ClCompile>
    <ClCompile Include="src\OpenGL\System.Drawing.IndexBuffer_OpenGL.cpp">
      <Filter>原始程式檔</Filter>
    </ClCompile>
  </ItemGroup>
  <ItemGroup>
    <ClInclude Include="include\CPP11\System.Threading.Mutex.h">
      <Filter>標頭檔\CPP11</Filter>
    </ClInclude>
    <ClInclude Include="include\CPP11\System.Threading.Thread.h">
      <Filter>標頭檔\CPP11</Filter>
    </ClInclude>
    <ClInclude Include="include\DX9\DX9.h">
      <Filter>標頭檔\DX9</Filter>
    </ClInclude>
    <ClInclude Include="include\DX9\System.Drawing.Font.h">
      <Filter>標頭檔</Filter>
    </ClInclude>
    <ClInclude Include="include\DX9\System.Drawing.Graphics.h">
      <Filter>標頭檔\DX9</Filter>
    </ClInclude>
    <ClInclude Include="include\DX9\System.Drawing.IndexBuffer.h">
      <Filter>標頭檔</Filter>
    </ClInclude>
    <ClInclude Include="include\DX9\System.Drawing.Light.h">
      <Filter>標頭檔</Filter>
    </ClInclude>
    <ClInclude Include="include\DX9\System.Drawing.Mesh.h">
      <Filter>標頭檔</Filter>
    </ClInclude>
    <ClInclude Include="include\DX9\System.Drawing.RenderTargetView.h">
      <Filter>標頭檔</Filter>
    </ClInclude>
    <ClInclude Include="include\DX9\System.Drawing.Shader.h">
      <Filter>標頭檔\DX9</Filter>
    </ClInclude>
    <ClInclude Include="include\DX9\System.Drawing.Sprite.h">
      <Filter>標頭檔\DX9</Filter>
    </ClInclude>
    <ClInclude Include="include\DX9\System.Drawing.StateBlock.h">
      <Filter>標頭檔</Filter>
    </ClInclude>
    <ClInclude Include="include\DX9\System.Drawing.Texture.h">
      <Filter>標頭檔\DX9</Filter>
    </ClInclude>
    <ClInclude Include="include\DX9\System.Drawing.VertexBuffer.h">
      <Filter>標頭檔\DX9</Filter>
    </ClInclude>
    <ClInclude Include="include\DX10\DX10.h">
      <Filter>標頭檔\DX10</Filter>
    </ClInclude>
    <ClInclude Include="include\DX10\System.Drawing.Font.h">
      <Filter>標頭檔</Filter>
    </ClInclude>
    <ClInclude Include="include\DX10\System.Drawing.Graphics.h">
      <Filter>標頭檔\DX10</Filter>
    </ClInclude>
    <ClInclude Include="include\DX10\System.Drawing.IndexBuffer.h">
      <Filter>標頭檔\DX10</Filter>
    </ClInclude>
    <ClInclude Include="include\DX10\System.Drawing.Light.h">
      <Filter>標頭檔</Filter>
    </ClInclude>
    <ClInclude Include="include\DX10\System.Drawing.Mesh.h">
      <Filter>標頭檔</Filter>
    </ClInclude>
    <ClInclude Include="include\DX10\System.Drawing.RenderTargetView.h">
      <Filter>標頭檔</Filter>
    </ClInclude>
    <ClInclude Include="include\DX10\System.Drawing.Shader.h">
      <Filter>標頭檔\DX10</Filter>
    </ClInclude>
    <ClInclude Include="include\DX10\System.Drawing.Sprite.h">
      <Filter>標頭檔\DX10</Filter>
    </ClInclude>
    <ClInclude Include="include\DX10\System.Drawing.StateBlock.h">
      <Filter>標頭檔</Filter>
    </ClInclude>
    <ClInclude Include="include\DX10\System.Drawing.Texture.h">
      <Filter>標頭檔\DX10</Filter>
    </ClInclude>
    <ClInclude Include="include\DX10\System.Drawing.VertexBuffer.h">
      <Filter>標頭檔\DX10</Filter>
    </ClInclude>
    <ClInclude Include="include\DX11\DX11.h">
      <Filter>標頭檔\DX11</Filter>
    </ClInclude>
    <ClInclude Include="include\DX11\System.Drawing.Effect.h">
      <Filter>標頭檔</Filter>
    </ClInclude>
    <ClInclude Include="include\DX11\System.Drawing.Graphics.h">
      <Filter>標頭檔\DX11</Filter>
    </ClInclude>
    <ClInclude Include="include\DX11\System.Drawing.IndexBuffer.h">
      <Filter>標頭檔\DX11</Filter>
    </ClInclude>
    <ClInclude Include="include\DX11\System.Drawing.Light.h">
      <Filter>標頭檔</Filter>
    </ClInclude>
    <ClInclude Include="include\DX11\System.Drawing.Mesh.h">
      <Filter>標頭檔</Filter>
    </ClInclude>
    <ClInclude Include="include\DX11\System.Drawing.Query.h">
      <Filter>標頭檔</Filter>
    </ClInclude>
    <ClInclude Include="include\DX11\System.Drawing.RenderTargetView.h">
      <Filter>標頭檔</Filter>
    </ClInclude>
    <ClInclude Include="include\DX11\System.Drawing.Shader.h">
      <Filter>標頭檔\DX11</Filter>
    </ClInclude>
    <ClInclude Include="include\DX11\System.Drawing.Sprite.h">
      <Filter>標頭檔\DX11</Filter>
    </ClInclude>
    <ClInclude Include="include\DX11\System.Drawing.StateBlock.h">
      <Filter>標頭檔</Filter>
    </ClInclude>
    <ClInclude Include="include\DX11\System.Drawing.Surface.h">
      <Filter>標頭檔\DX11</Filter>
    </ClInclude>
    <ClInclude Include="include\DX11\System.Drawing.Texture.h">
      <Filter>標頭檔\DX11</Filter>
    </ClInclude>
    <ClInclude Include="include\DX11\System.Drawing.VertexBuffer.h">
      <Filter>標頭檔\DX11</Filter>
    </ClInclude>
    <ClInclude Include="include\OpenGL\OpenGL.h">
      <Filter>標頭檔\OpenGL</Filter>
    </ClInclude>
    <ClInclude Include="include\OpenGL\System.Drawing.Graphics.h">
      <Filter>標頭檔\OpenGL</Filter>
    </ClInclude>
    <ClInclude Include="include\WIN32\System.Application.h">
      <Filter>標頭檔\WIN32</Filter>
    </ClInclude>
    <ClInclude Include="include\WIN32\System.Assembly.h">
      <Filter>標頭檔\WIN32</Filter>
    </ClInclude>
    <ClInclude Include="include\WIN32\System.ClientApp.h">
      <Filter>標頭檔\WIN32</Filter>
    </ClInclude>
    <ClInclude Include="include\WIN32\System.IO.File.h">
      <Filter>標頭檔\WIN32</Filter>
    </ClInclude>
    <ClInclude Include="include\WIN32\System.IO.Folder.h">
      <Filter>標頭檔\WIN32</Filter>
    </ClInclude>
    <ClInclude Include="include\WIN32\System.Threading.Mutex.h">
      <Filter>標頭檔\WIN32</Filter>
    </ClInclude>
    <ClInclude Include="include\WIN32\System.Threading.Thread.h">
      <Filter>標頭檔\WIN32</Filter>
    </ClInclude>
    <ClInclude Include="include\stdafx.h">
      <Filter>標頭檔</Filter>
    </ClInclude>
    <ClInclude Include="include\System.Application.h">
      <Filter>標頭檔</Filter>
    </ClInclude>
    <ClInclude Include="include\System.Assembly.h">
      <Filter>標頭檔</Filter>
    </ClInclude>
    <ClInclude Include="include\System.AutoPtr.h">
      <Filter>標頭檔</Filter>
    </ClInclude>
    <ClInclude Include="include\System.Buffer.h">
      <Filter>標頭檔</Filter>
    </ClInclude>
    <ClInclude Include="include\System.Collections.Array.h">
      <Filter>標頭檔</Filter>
    </ClInclude>
    <ClInclude Include="include\System.Collections.h">
      <Filter>標頭檔</Filter>
    </ClInclude>
    <ClInclude Include="include\System.Collections.List.h">
      <Filter>標頭檔</Filter>
    </ClInclude>
    <ClInclude Include="include\System.Collections.Map.h">
      <Filter>標頭檔</Filter>
    </ClInclude>
    <ClInclude Include="include\System.Collections.Queue.h">
      <Filter>標頭檔</Filter>
    </ClInclude>
    <ClInclude Include="include\System.Collections.Stack.h">
      <Filter>標頭檔</Filter>
    </ClInclude>
    <ClInclude Include="include\System.ComPtr.h">
      <Filter>標頭檔</Filter>
    </ClInclude>
    <ClInclude Include="include\System.DateTime.h">
      <Filter>標頭檔</Filter>
    </ClInclude>
    <ClInclude Include="include\System.Drawing.Camera.h">
      <Filter>標頭檔</Filter>
    </ClInclude>
    <ClInclude Include="include\System.Drawing.Easing.h">
      <Filter>標頭檔</Filter>
    </ClInclude>
    <ClInclude Include="include\System.Drawing.Font.h">
      <Filter>標頭檔</Filter>
    </ClInclude>
    <ClInclude Include="include\System.Drawing.Graphics.h">
      <Filter>標頭檔</Filter>
    </ClInclude>
    <ClInclude Include="include\System.Drawing.h">
      <Filter>標頭檔</Filter>
    </ClInclude>
    <ClInclude Include="include\System.Drawing.IGraphics.h">
      <Filter>標頭檔</Filter>
    </ClInclude>
    <ClInclude Include="include\System.Drawing.IndexBuffer.h">
      <Filter>標頭檔</Filter>
    </ClInclude>
    <ClInclude Include="include\System.Drawing.Light.h">
      <Filter>標頭檔</Filter>
    </ClInclude>
    <ClInclude Include="include\System.Drawing.Math.h">
      <Filter>標頭檔</Filter>
    </ClInclude>
    <ClInclude Include="include\System.Drawing.RenderTargetView.h">
      <Filter>標頭檔</Filter>
    </ClInclude>
    <ClInclude Include="include\System.Drawing.Shader.h">
      <Filter>標頭檔</Filter>
    </ClInclude>
    <ClInclude Include="include\System.Drawing.Sprite.h">
      <Filter>標頭檔</Filter>
    </ClInclude>
    <ClInclude Include="include\System.Drawing.Texture.h">
      <Filter>標頭檔</Filter>
    </ClInclude>
    <ClInclude Include="include\System.Drawing.VertexBuffer.h">
      <Filter>標頭檔</Filter>
    </ClInclude>
    <ClInclude Include="include\System.Formula.Kinematics.h">
      <Filter>標頭檔</Filter>
    </ClInclude>
    <ClInclude Include="include\System.Guid.h">
      <Filter>標頭檔</Filter>
    </ClInclude>
    <ClInclude Include="include\System.h">
      <Filter>標頭檔</Filter>
    </ClInclude>
    <ClInclude Include="include\System.IComparable.h">
      <Filter>標頭檔</Filter>
    </ClInclude>
    <ClInclude Include="include\System.IFormattable.h">
      <Filter>標頭檔</Filter>
    </ClInclude>
    <ClInclude Include="include\System.IO.File.h">
      <Filter>標頭檔</Filter>
    </ClInclude>
    <ClInclude Include="include\System.IO.Folder.h">
      <Filter>標頭檔</Filter>
    </ClInclude>
    <ClInclude Include="include\System.IO.h">
      <Filter>標頭檔</Filter>
    </ClInclude>
    <ClInclude Include="include\System.IParseable.h">
      <Filter>標頭檔</Filter>
    </ClInclude>
    <ClInclude Include="include\System.Math.h">
      <Filter>標頭檔</Filter>
    </ClInclude>
    <ClInclude Include="include\System.Number.h">
      <Filter>標頭檔</Filter>
    </ClInclude>
    <ClInclude Include="include\System.Random.h">
      <Filter>標頭檔</Filter>
    </ClInclude>
    <ClInclude Include="include\System.String.h">
      <Filter>標頭檔</Filter>
    </ClInclude>
    <ClInclude Include="include\System.Threading.Event.h">
      <Filter>標頭檔</Filter>
    </ClInclude>
    <ClInclude Include="include\System.Threading.h">
      <Filter>標頭檔</Filter>
    </ClInclude>
    <ClInclude Include="include\System.Threading.Mutex.h">
      <Filter>標頭檔</Filter>
    </ClInclude>
    <ClInclude Include="include\System.Threading.Thread.h">
      <Filter>標頭檔</Filter>
    </ClInclude>
    <ClInclude Include="include\targetver.h">
      <Filter>標頭檔</Filter>
    </ClInclude>
    <ClInclude Include="include\WIN32\System.Net.HttpClient.h">
      <Filter>標頭檔</Filter>
    </ClInclude>
    <ClInclude Include="include\OpenGL\System.Drawing.Texture.h">
      <Filter>標頭檔</Filter>
    </ClInclude>
    <ClInclude Include="include\DX9\System.Drawing.Renderer.h">
      <Filter>標頭檔</Filter>
    </ClInclude>
    <ClInclude Include="include\System.Drawing.Renderer.h">
      <Filter>標頭檔</Filter>
    </ClInclude>
    <ClInclude Include="include\System.ScriptEngine.h">
      <Filter>標頭檔</Filter>
    </ClInclude>
    <ClInclude Include="include\WIN32\System.ComSafeArray.h">
      <Filter>標頭檔</Filter>
    </ClInclude>
    <ClInclude Include="include\ScriptEngine\System.ScriptEngine_Lua.h">
      <Filter>標頭檔</Filter>
    </ClInclude>
    <ClInclude Include="include\ScriptEngine\System.ScriptEngine_MsScript.h">
      <Filter>標頭檔</Filter>
    </ClInclude>
    <ClInclude Include="include\System.ResourceManager.h">
      <Filter>標頭檔</Filter>
    </ClInclude>
    <ClInclude Include="include\DX9\System.Drawing.Query.h">
      <Filter>標頭檔</Filter>
    </ClInclude>
    <ClInclude Include="include\DX10\System.Drawing.Query.h">
      <Filter>標頭檔</Filter>
    </ClInclude>
    <ClInclude Include="include\DX10\System.Drawing.Renderer.h">
      <Filter>標頭檔</Filter>
    </ClInclude>
    <ClInclude Include="include\System.Drawing.Scene.h">
      <Filter>標頭檔</Filter>
    </ClInclude>
    <ClInclude Include="include\DX11\System.Drawing.Renderer.h">
      <Filter>標頭檔</Filter>
    </ClInclude>
    <ClInclude Include="include\DX9\System.Drawing.Effect.h">
      <Filter>標頭檔</Filter>
    </ClInclude>
    <ClInclude Include="include\DX10\System.Drawing.Effect.h">
      <Filter>標頭檔</Filter>
    </ClInclude>
    <ClInclude Include="include\CPP11\System.IO.File.h">
      <Filter>標頭檔</Filter>
    </ClInclude>
    <ClInclude Include="include\Math\System.Drawing.Math_CPP.h">
      <Filter>標頭檔</Filter>
    </ClInclude>
    <ClInclude Include="include\Math\System.Drawing.Math_SSE.h">
      <Filter>標頭檔</Filter>
    </ClInclude>
    <ClInclude Include="include\Math\System.Drawing.Math_D3DX.h">
      <Filter>標頭檔</Filter>
    </ClInclude>
    <ClInclude Include="include\Audio\System.Audio_DSound.h">
      <Filter>標頭檔</Filter>
    </ClInclude>
    <ClInclude Include="include\System.OOP.h">
      <Filter>標頭檔</Filter>
    </ClInclude>
    <ClInclude Include="include\CPP11\System.IO.Folder.h">
      <Filter>標頭檔</Filter>
    </ClInclude>
    <ClInclude Include="include\UI\System.Drawing.UI.Element.h">
      <Filter>標頭檔</Filter>
    </ClInclude>
    <ClInclude Include="include\UI\System.Drawing.UI.UIManager.h">
      <Filter>標頭檔</Filter>
    </ClInclude>
    <ClInclude Include="include\UI\System.Drawing.UI.Label.h">
      <Filter>標頭檔</Filter>
    </ClInclude>
    <ClInclude Include="src\UI\System.Drawing.UI.TextBox.cpp">
      <Filter>標頭檔</Filter>
    </ClInclude>
    <ClInclude Include="include\UI\System.Drawing.UI.Button.h">
      <Filter>標頭檔</Filter>
    </ClInclude>
    <ClInclude Include="include\UI\System.Drawing.UI.Panel.h">
      <Filter>標頭檔</Filter>
    </ClInclude>
    <ClInclude Include="include\UI\System.Drawing.UI.TextBox.h">
      <Filter>標頭檔</Filter>
    </ClInclude>
    <ClInclude Include="include\System.Collections.Set.h">
      <Filter>標頭檔</Filter>
    </ClInclude>
    <ClInclude Include="include\OpenGL\System.Drawing.Effect.h">
      <Filter>標頭檔</Filter>
    </ClInclude>
    <ClInclude Include="include\OpenGL\System.Drawing.IndexBuffer.h">
      <Filter>標頭檔</Filter>
    </ClInclude>
    <ClInclude Include="include\OpenGL\System.Drawing.Light.h">
      <Filter>標頭檔</Filter>
    </ClInclude>
    <ClInclude Include="include\OpenGL\System.Drawing.Mesh.h">
      <Filter>標頭檔</Filter>
    </ClInclude>
    <ClInclude Include="include\OpenGL\System.Drawing.Query.h">
      <Filter>標頭檔</Filter>
    </ClInclude>
    <ClInclude Include="include\OpenGL\System.Drawing.Renderer.h">
      <Filter>標頭檔</Filter>
    </ClInclude>
    <ClInclude Include="include\OpenGL\System.Drawing.RenderTargetView.h">
      <Filter>標頭檔</Filter>
    </ClInclude>
    <ClInclude Include="include\OpenGL\System.Drawing.Shader.h">
      <Filter>標頭檔</Filter>
    </ClInclude>
    <ClInclude Include="include\OpenGL\System.Drawing.Sprite.h">
      <Filter>標頭檔</Filter>
    </ClInclude>
    <ClInclude Include="include\OpenGL\System.Drawing.StateBlock.h">
      <Filter>標頭檔</Filter>
    </ClInclude>
    <ClInclude Include="include\OpenGL\System.Drawing.Surface.h">
      <Filter>標頭檔</Filter>
    </ClInclude>
    <ClInclude Include="include\OpenGL\System.Drawing.VertexBuffer.h">
      <Filter>標頭檔</Filter>
    </ClInclude>
    <ClInclude Include="include\UI\System.Drawing.UI.Image.h">
      <Filter>標頭檔</Filter>
    </ClInclude>
    <ClInclude Include="include\Math\System.Drawing.Math_XNA.h">
      <Filter>標頭檔</Filter>
    </ClInclude>
    <ClInclude Include="include\World3D\System.World3D.Entity.h">
      <Filter>標頭檔</Filter>
    </ClInclude>
    <ClInclude Include="include\World3D\System.World3D.Scene.h">
      <Filter>標頭檔</Filter>
    </ClInclude>
    <ClInclude Include="include\System.Variant.h">
      <Filter>標頭檔</Filter>
    </ClInclude>
    <ClInclude Include="include\Math\System.Drawing.Colors.h">
      <Filter>標頭檔</Filter>
    </ClInclude>
  </ItemGroup>
  <ItemGroup>
    <None Include="msscript.tlh" />
    <None Include="msscript.tli" />
  </ItemGroup>
</Project>